# This file is automatically @generated by Cargo.
# It is not intended for manual editing.
version = 3

[[package]]
name = "wbin"
version = "0.1.0"

[[package]]
name = "wlib"
version = "0.1.0"

[[package]]
name = "workspace-bin"
version = "0.1.0"

[[package]]
name = "workspace-lib"
version = "0.1.0"
