# This file is automatically @generated by Cargo.
# It is not intended for manual editing.
version = 3

[[package]]
name = "autocfg"
version = "1.0.1"
source = "registry+https://github.com/rust-lang/crates.io-index"
checksum = "cdb031dd78e28731d87d56cc8ffef4a8f36ca26c38fe2de700543e627f8a464a"

[[package]]
name = "basic-git-pre-1-53-0"
version = "0.1.0"
dependencies = [
 "bool_ext",
 "linemd",
 "smol_str",
 "tuple",
]

[[package]]
name = "bool_ext"
version = "0.5.1"
source = "git+https://github.com/U007D/bool_ext.git?tag=v0.5.1#05d6783679f442fe68e819ffa26e14ed78f0ca1d"

[[package]]
name = "linemd"
version = "0.3.0"
source = "git+https://github.com/yusdacra/linemd.git#53d10cd736e83d9c79b5e626f2b47aeb27644262"

[[package]]
name = "num-traits"
version = "0.2.14"
source = "registry+https://github.com/rust-lang/crates.io-index"
checksum = "9a64b1ec5cda2586e284722486d802acf1f7dbdc623e2bfc57e65ca1cd099290"
dependencies = [
 "autocfg",
]

[[package]]
name = "serde"
version = "1.0.126"
source = "registry+https://github.com/rust-lang/crates.io-index"
checksum = "ec7505abeacaec74ae4778d9d9328fe5a5d04253220a85c4ee022239fc996d03"

[[package]]
name = "smol_str"
version = "0.1.17"
source = "git+https://github.com/rust-analyzer/smol_str.git?branch=staging#52a34ff4a91569993cc9ecbf8e7f66590b046d02"

[[package]]
name = "tuple"
version = "0.5.1"
source = "git+https://github.com/s3bk/tuple.git?rev=fdf8b4400ffb10506c711018a3cb918412a3c8c1#fdf8b4400ffb10506c711018a3cb918412a3c8c1"
dependencies = [
 "num-traits",
 "serde",
]
