# This file is automatically @generated by Cargo.
# It is not intended for manual editing.
version = 3

[[package]]
name = "linemd"
version = "0.2.0"
source = "git+https://github.com/yusdacra/linemd.git?tag=v0.2.0#3237e4c11a2361ee6d44470c9a0f5650842dfe28"

[[package]]
name = "linemd"
version = "0.3.0"
source = "git+https://github.com/yusdacra/linemd.git?tag=v0.3.0#53d10cd736e83d9c79b5e626f2b47aeb27644262"

[[package]]
name = "linemd"
version = "0.4.0"
source = "git+https://github.com/yusdacra/linemd.git?tag=v0.4.0#e5708d721b27d723bb94cf5aa7d189dd1401f348"

[[package]]
name = "multiple-git"
version = "0.1.0"
dependencies = [
 "linemd 0.2.0",
 "linemd 0.3.0",
 "linemd 0.4.0",
]
